
Microsoft Visual Studio Solution File, Format Version 12.00
# Visual Studio 15
VisualStudioVersion = 15.0.26403.7
MinimumVisualStudioVersion = 10.0.40219.1
Project("{8BC9CEB8-8B4A-11D0-8D11-00A0C91BC942}") = "Particals", "Conway's Game Of Life\Conway's Game Of Life.vcxproj", "{E2824A2D-537B-4F0E-8491-220D72FB7CF0}"
EndProject
Global
	GlobalSection(SolutionConfigurationPlatforms) = preSolution
		Debug (SFML)|x64 = Debug (SFML)|x64
		Debug (SFML)|x86 = Debug (SFML)|x86
		Debug|x64 = Debug|x64
		Debug|x86 = Debug|x86
		Release (SFML)|x64 = Release (SFML)|x64
		Release (SFML)|x86 = Release (SFML)|x86
		Release|x64 = Release|x64
		Release|x86 = Release|x86
	EndGlobalSection
	GlobalSection(ProjectConfigurationPlatforms) = postSolution
		{E2824A2D-537B-4F0E-8491-220D72FB7CF0}.Debug (SFML)|x64.ActiveCfg = Debug (SFML)|x64
		{E2824A2D-537B-4F0E-8491-220D72FB7CF0}.Debug (SFML)|x64.Build.0 = Debug (SFML)|x64
		{E2824A2D-537B-4F0E-8491-220D72FB7CF0}.Debug (SFML)|x86.ActiveCfg = Debug (SFML)|Win32
		{E2824A2D-537B-4F0E-8491-220D72FB7CF0}.Debug (SFML)|x86.Build.0 = Debug (SFML)|Win32
		{E2824A2D-537B-4F0E-8491-220D72FB7CF0}.Debug|x64.ActiveCfg = Debug|x64
		{E2824A2D-537B-4F0E-8491-220D72FB7CF0}.Debug|x64.Build.0 = Debug|x64
		{E2824A2D-537B-4F0E-8491-220D72FB7CF0}.Debug|x86.ActiveCfg = Debug|Win32
		{E2824A2D-537B-4F0E-8491-220D72FB7CF0}.Debug|x86.Build.0 = Debug|Win32
		{E2824A2D-537B-4F0E-8491-220D72FB7CF0}.Release (SFML)|x64.ActiveCfg = Release (SFML)|x64
		{E2824A2D-537B-4F0E-8491-220D72FB7CF0}.Release (SFML)|x64.Build.0 = Release (SFML)|x64
		{E2824A2D-537B-4F0E-8491-220D72FB7CF0}.Release (SFML)|x86.ActiveCfg = Release (SFML)|Win32
		{E2824A2D-537B-4F0E-8491-220D72FB7CF0}.Release (SFML)|x86.Build.0 = Release (SFML)|Win32
		{E2824A2D-537B-4F0E-8491-220D72FB7CF0}.Release|x64.ActiveCfg = Release|x64
		{E2824A2D-537B-4F0E-8491-220D72FB7CF0}.Release|x64.Build.0 = Release|x64
		{E2824A2D-537B-4F0E-8491-220D72FB7CF0}.Release|x86.ActiveCfg = Release|Win32
		{E2824A2D-537B-4F0E-8491-220D72FB7CF0}.Release|x86.Build.0 = Release|Win32
	EndGlobalSection
	GlobalSection(SolutionProperties) = preSolution
		HideSolutionNode = FALSE
	EndGlobalSection
EndGlobal
